{
  "name": "pareto-core-dev",
  "version": "0.12.18",
  "lockfileVersion": 3,
  "requires": true,
  "packages": {
    "": {
      "name": "pareto-core-dev",
      "version": "0.12.18",
      "license": "Apache-2.0",
      "dependencies": {
        "pareto-core": "^0.1.0"
      }
    },
    "node_modules/pareto-core": {
      "version": "0.1.231",
      "resolved": "https://registry.npmjs.org/pareto-core/-/pareto-core-0.1.231.tgz",
      "integrity": "sha512-UUPOdlTruaQtjXzIg4cnnXJfMjQswHQlsdfwFDZiVqLGciF9lC3I6a/hLjthml9NogvBRoc3qbFzj1EoWWGYtw==",
      "license": "Apache-2.0"
    }
  }
}
