{
  "name": "pareto-core-dev",
  "version": "0.12.17",
  "lockfileVersion": 3,
  "requires": true,
  "packages": {
    "": {
      "name": "pareto-core-dev",
      "version": "0.12.17",
      "license": "Apache-2.0",
      "dependencies": {
        "pareto-core": "^0.1.0"
      }
    },
    "node_modules/pareto-core": {
      "version": "0.1.145",
      "resolved": "https://registry.npmjs.org/pareto-core/-/pareto-core-0.1.145.tgz",
      "integrity": "sha512-BoRr81/KlEquEUE6jJ+tCD486QSY71dainWk1s2EoSSP+U2sqj/zkbGykj0B+ANZzlJYbV5twQVV/MI70kIa1w==",
      "license": "Apache-2.0"
    }
  }
}
