{
  "name": "pareto-core-dev",
  "version": "0.12.17",
  "lockfileVersion": 3,
  "requires": true,
  "packages": {
    "": {
      "name": "pareto-core-dev",
      "version": "0.12.17",
      "license": "Apache-2.0",
      "dependencies": {
        "pareto-core": "^0.1.0"
      }
    },
    "node_modules/pareto-core": {
      "version": "0.1.103",
      "resolved": "https://registry.npmjs.org/pareto-core/-/pareto-core-0.1.103.tgz",
      "integrity": "sha512-HwNASunZK9+M0fkttTX8eLLPgRhu/FwTTLde60VXN9UfvzB1scIsbPIQxvZVsYywQ9Um0j/NiSSSwMTCdXyvSA==",
      "license": "Apache-2.0"
    }
  }
}
