{
  "name": "pareto-core-dev",
  "version": "0.12.8",
  "lockfileVersion": 3,
  "requires": true,
  "packages": {
    "": {
      "name": "pareto-core-dev",
      "version": "0.12.8",
      "license": "ISC",
      "dependencies": {
        "pareto-core": "^0.1.56"
      }
    },
    "node_modules/pareto-core": {
      "version": "0.1.56",
      "resolved": "https://registry.npmjs.org/pareto-core/-/pareto-core-0.1.56.tgz",
      "integrity": "sha512-jU+uBNlJXxWG/4s/HhQ4mZ7Lnj+Ip86dGtq5bG2Nm7Xq65LzCuGGMmZF7cxnpkRJpbBJ/+8VEVHc2JqzkmjYSw==",
      "license": "ISC"
    }
  }
}
