{
  "name": "pareto-core-dev",
  "version": "0.11.0",
  "lockfileVersion": 3,
  "requires": true,
  "packages": {
    "": {
      "name": "pareto-core-dev",
      "version": "0.11.0",
      "license": "ISC",
      "dependencies": {
        "pareto-core-internals": "^0.24.5"
      }
    },
    "node_modules/pareto-core-interface": {
      "version": "0.1.1",
      "resolved": "https://registry.npmjs.org/pareto-core-interface/-/pareto-core-interface-0.1.1.tgz",
      "integrity": "sha512-YPq+kD0rC5D/X+PXoScrtxxKAIVWA8SZiiNvFFIZ/UA5bSK5KNLTaWUmdbnamW/9eIW9r18cZe9Xyd+PdFf50A==",
      "license": "Apache-2.0"
    },
    "node_modules/pareto-core-internals": {
      "version": "0.24.5",
      "resolved": "https://registry.npmjs.org/pareto-core-internals/-/pareto-core-internals-0.24.5.tgz",
      "integrity": "sha512-uJ0tXxRUkMxaF/KHLGLl1EJcW5WHY0saMQkFhiUuQ9VjXmVvFHV1/8kVGPopARWr74XNUmrYsn5B0Ld0oXrNUQ==",
      "license": "ISC",
      "dependencies": {
        "pareto-core-interface": "^0.1.1"
      }
    }
  }
}
