{
  "name": "pareto-core-dev",
  "version": "0.12.15",
  "lockfileVersion": 3,
  "requires": true,
  "packages": {
    "": {
      "name": "pareto-core-dev",
      "version": "0.12.15",
      "license": "ISC",
      "dependencies": {
        "pareto-core": "0.1.67"
      }
    },
    "node_modules/pareto-core": {
      "version": "0.1.67",
      "resolved": "https://registry.npmjs.org/pareto-core/-/pareto-core-0.1.67.tgz",
      "integrity": "sha512-JogEAxTRDOqkLNmscAOm32PoUPwHUpclWG81qES8RUf/IEEya4+wk8l8pJBocK3GiZ+jlcxezX/PeVWwxn82Aw==",
      "license": "ISC"
    }
  }
}
